{
  "requires": true,
  "lockfileVersion": 1,
  "dependencies": {
    "just-validate": {
      "version": "3.5.2",
      "resolved": "https://registry.npmjs.org/just-validate/-/just-validate-3.5.2.tgz",
      "integrity": "sha512-BbDz50R6eqCDiN3AWq+dB0IWBb6ejBnj4kywZBCuH+ewQvF6XUze5ySWrRZeb7izSojR5GaZASoT89ndVXvouA=="
    }
  }
}
